
Microsoft Visual Studio Solution File, Format Version 12.00
# Visual Studio Version 17
VisualStudioVersion = 17.2.32630.192
MinimumVisualStudioVersion = 10.0.40219.1
Project("{FAE04EC0-301F-11D3-BF4B-00C04F79EFBC}") = "16", "16\16.csproj", "{4FCFBF36-76FF-4B6B-9026-A03885265A7A}"
EndProject
Global
	GlobalSection(SolutionConfigurationPlatforms) = preSolution
		Debug|Any CPU = Debug|Any CPU
		Release|Any CPU = Release|Any CPU
	EndGlobalSection
	GlobalSection(ProjectConfigurationPlatforms) = postSolution
		{4FCFBF36-76FF-4B6B-9026-A03885265A7A}.Debug|Any CPU.ActiveCfg = Debug|Any CPU
		{4FCFBF36-76FF-4B6B-9026-A03885265A7A}.Debug|Any CPU.Build.0 = Debug|Any CPU
		{4FCFBF36-76FF-4B6B-9026-A03885265A7A}.Release|Any CPU.ActiveCfg = Release|Any CPU
		{4FCFBF36-76FF-4B6B-9026-A03885265A7A}.Release|Any CPU.Build.0 = Release|Any CPU
	EndGlobalSection
	GlobalSection(SolutionProperties) = preSolution
		HideSolutionNode = FALSE
	EndGlobalSection
	GlobalSection(ExtensibilityGlobals) = postSolution
		SolutionGuid = {7EBFEBE9-3EB8-416F-87BF-0AB80A01D2DF}
	EndGlobalSection
EndGlobal
